
Microsoft Visual Studio Solution File, Format Version 12.00
# Visual Studio 15
VisualStudioVersion = 15.0.26403.7
MinimumVisualStudioVersion = 10.0.40219.1
Project("{FAE04EC0-301F-11D3-BF4B-00C04F79EFBC}") = "CommandPalette", "CommandPalette\CommandPalette.csproj", "{F8079C4B-68EF-4256-8E64-3319E1318265}"
EndProject
Project("{FAE04EC0-301F-11D3-BF4B-00C04F79EFBC}") = "ExamplePlugin", "ExamplePlugin\ExamplePlugin.csproj", "{552E2CCC-B0A6-4E18-9DF5-83D7DBB1C514}"
EndProject
Global
	GlobalSection(SolutionConfigurationPlatforms) = preSolution
		Debug|Any CPU = Debug|Any CPU
		Release|Any CPU = Release|Any CPU
	EndGlobalSection
	GlobalSection(ProjectConfigurationPlatforms) = postSolution
		{F8079C4B-68EF-4256-8E64-3319E1318265}.Debug|Any CPU.ActiveCfg = Debug|Any CPU
		{F8079C4B-68EF-4256-8E64-3319E1318265}.Debug|Any CPU.Build.0 = Debug|Any CPU
		{F8079C4B-68EF-4256-8E64-3319E1318265}.Release|Any CPU.ActiveCfg = Release|Any CPU
		{F8079C4B-68EF-4256-8E64-3319E1318265}.Release|Any CPU.Build.0 = Release|Any CPU
		{552E2CCC-B0A6-4E18-9DF5-83D7DBB1C514}.Debug|Any CPU.ActiveCfg = Debug|Any CPU
		{552E2CCC-B0A6-4E18-9DF5-83D7DBB1C514}.Debug|Any CPU.Build.0 = Debug|Any CPU
		{552E2CCC-B0A6-4E18-9DF5-83D7DBB1C514}.Release|Any CPU.ActiveCfg = Release|Any CPU
		{552E2CCC-B0A6-4E18-9DF5-83D7DBB1C514}.Release|Any CPU.Build.0 = Release|Any CPU
	EndGlobalSection
	GlobalSection(SolutionProperties) = preSolution
		HideSolutionNode = FALSE
	EndGlobalSection
EndGlobal
